<?xml version="1.0" encoding="utf-8"?>
<Project ToolsVersion="4.0" xmlns="http://schemas.microsoft.com/developer/msbuild/2003">
  <ItemGroup>
    <Filter Include="FrameWork">
      <UniqueIdentifier>{197b388b-ceee-4cc5-84c9-8fa7dd6cc7a9}</UniqueIdentifier>
    </Filter>
    <Filter Include="FrameWork\GameComponents">
      <UniqueIdentifier>{f7440687-f4de-4771-b67d-cbcf612a5c19}</UniqueIdentifier>
    </Filter>
    <Filter Include="FrameWork\GameControllers">
      <UniqueIdentifier>{141b91ce-14de-4ba3-8fe6-364954317b0f}</UniqueIdentifier>
    </Filter>
    <Filter Include="FrameWork\Scenes">
      <UniqueIdentifier>{38454f69-4d64-4130-ae8e-c136925d0f50}</UniqueIdentifier>
    </Filter>
    <Filter Include="FrameWork\MapReader">
      <UniqueIdentifier>{7199a57f-d6cd-4b76-925a-396c7d26febc}</UniqueIdentifier>
    </Filter>
    <Filter Include="FrameWork\GameObjects">
      <UniqueIdentifier>{0ad4cd95-31c2-4f7d-934a-ac80a4dd866c}</UniqueIdentifier>
    </Filter>
    <Filter Include="FrameWork\GameDefines">
      <UniqueIdentifier>{9b5a9b8a-da07-445e-8ec2-51c3cb648f6e}</UniqueIdentifier>
    </Filter>
    <Filter Include="FrameWork\GameObjects\MapObjects">
      <UniqueIdentifier>{47b142cd-294b-49c2-81a6-4db7d2457b95}</UniqueIdentifier>
    </Filter>
    <Filter Include="FrameWork\GameObjects\Enity">
      <UniqueIdentifier>{e02802fa-8652-4983-8620-f0196a70de68}</UniqueIdentifier>
    </Filter>
    <Filter Include="FrameWork\GameObjects\Player">
      <UniqueIdentifier>{7cadc00b-5477-4709-b25a-ee30590a5475}</UniqueIdentifier>
    </Filter>
    <Filter Include="FrameWork\GameObjects\Player\GameState">
      <UniqueIdentifier>{c37209ef-c1de-40e2-9f6f-bd3ab30a4165}</UniqueIdentifier>
    </Filter>
    <Filter Include="FrameWork\GameObjects\Player\GameState\FallState">
      <UniqueIdentifier>{14da7f4d-3dab-462e-b1c6-1fa1b4df943a}</UniqueIdentifier>
    </Filter>
    <Filter Include="FrameWork\GameObjects\Player\GameState\JumpState">
      <UniqueIdentifier>{243ea498-f3a6-4413-887a-b87963a6d62e}</UniqueIdentifier>
    </Filter>
    <Filter Include="FrameWork\GameObjects\Player\GameState\RunState">
      <UniqueIdentifier>{1da986cc-26de-48c9-807b-0ff743d63bcc}</UniqueIdentifier>
    </Filter>
    <Filter Include="FrameWork\GameObjects\Player\GameState\StandState">
      <UniqueIdentifier>{1884cefc-c4f8-4c36-9a05-7e33a21bce2a}</UniqueIdentifier>
    </Filter>
    <Filter Include="FrameWork\GameObjects\Player\GameState\SlideState">
      <UniqueIdentifier>{d471a86d-2d88-463c-b3a6-69bfa402a134}</UniqueIdentifier>
    </Filter>
    <Filter Include="FrameWork\GameObjects\Player\GameState\AppearState">
      <UniqueIdentifier>{49eb3af4-f4e5-4cdd-b64d-fc38522ee3a7}</UniqueIdentifier>
    </Filter>
    <Filter Include="FrameWork\GameObjects\Player\GameState\DieState">
      <UniqueIdentifier>{14c1f6cf-a9e0-4036-9673-7b4403933b85}</UniqueIdentifier>
    </Filter>
    <Filter Include="FrameWork\GameObjects\Player\GameState\FinishState">
      <UniqueIdentifier>{12323f2b-d8a8-47d6-978d-992ce3d30184}</UniqueIdentifier>
    </Filter>
    <Filter Include="FrameWork\GameObjects\Player\GameState\BleedState">
      <UniqueIdentifier>{574d26d8-91c9-4b58-8cc3-51e14cce38f8}</UniqueIdentifier>
    </Filter>
    <Filter Include="FrameWork\GameObjects\Weapons">
      <UniqueIdentifier>{150de4de-6057-4777-83d9-1e04c62dc309}</UniqueIdentifier>
    </Filter>
    <Filter Include="FrameWork\GameObjects\Items">
      <UniqueIdentifier>{e36e7561-0c3b-435a-8a6d-28e65c1b4d35}</UniqueIdentifier>
    </Filter>
    <Filter Include="FrameWork\GameObjects\Enemies">
      <UniqueIdentifier>{94f18298-9b91-4f56-9796-8d74e3307c94}</UniqueIdentifier>
    </Filter>
    <Filter Include="FrameWork\GameObjects\BlastHornet Boss">
      <UniqueIdentifier>{b59be9fc-6109-4f28-ad5f-73bec3580463}</UniqueIdentifier>
    </Filter>
  </ItemGroup>
  <ItemGroup>
    <ClCompile Include="GameComponents\Game.cpp">
      <Filter>FrameWork\GameComponents</Filter>
    </ClCompile>
    <ClCompile Include="GameComponents\GameGlobal.cpp">
      <Filter>FrameWork\GameComponents</Filter>
    </ClCompile>
    <ClCompile Include="GameComponents\GameTime.cpp">
      <Filter>FrameWork\GameComponents</Filter>
    </ClCompile>
    <ClCompile Include="GameComponents\Sprite.cpp">
      <Filter>FrameWork\GameComponents</Filter>
    </ClCompile>
    <ClCompile Include="GameComponents\Scene.cpp">
      <Filter>FrameWork\GameComponents</Filter>
    </ClCompile>
    <ClCompile Include="GameControllers\SceneManager.cpp">
      <Filter>FrameWork\GameControllers</Filter>
    </ClCompile>
    <ClCompile Include="Scenes\DemoScene.cpp">
      <Filter>FrameWork\Scenes</Filter>
    </ClCompile>
    <ClCompile Include="GameComponents\GameMap.cpp">
      <Filter>FrameWork\GameComponents</Filter>
    </ClCompile>
    <ClCompile Include="MapReader\base64.cpp">
      <Filter>FrameWork\MapReader</Filter>
    </ClCompile>
    <ClCompile Include="MapReader\miniz.c">
      <Filter>FrameWork\MapReader</Filter>
    </ClCompile>
    <ClCompile Include="MapReader\tinyxml2.cpp">
      <Filter>FrameWork\MapReader</Filter>
    </ClCompile>
    <ClCompile Include="MapReader\TmxEllipse.cpp">
      <Filter>FrameWork\MapReader</Filter>
    </ClCompile>
    <ClCompile Include="MapReader\TmxImage.cpp">
      <Filter>FrameWork\MapReader</Filter>
    </ClCompile>
    <ClCompile Include="MapReader\TmxImageLayer.cpp">
      <Filter>FrameWork\MapReader</Filter>
    </ClCompile>
    <ClCompile Include="MapReader\TmxLayer.cpp">
      <Filter>FrameWork\MapReader</Filter>
    </ClCompile>
    <ClCompile Include="MapReader\TmxMap.cpp">
      <Filter>FrameWork\MapReader</Filter>
    </ClCompile>
    <ClCompile Include="MapReader\TmxObject.cpp">
      <Filter>FrameWork\MapReader</Filter>
    </ClCompile>
    <ClCompile Include="MapReader\TmxObjectGroup.cpp">
      <Filter>FrameWork\MapReader</Filter>
    </ClCompile>
    <ClCompile Include="MapReader\TmxPolygon.cpp">
      <Filter>FrameWork\MapReader</Filter>
    </ClCompile>
    <ClCompile Include="MapReader\TmxPolyline.cpp">
      <Filter>FrameWork\MapReader</Filter>
    </ClCompile>
    <ClCompile Include="MapReader\TmxPropertySet.cpp">
      <Filter>FrameWork\MapReader</Filter>
    </ClCompile>
    <ClCompile Include="MapReader\TmxTerrain.cpp">
      <Filter>FrameWork\MapReader</Filter>
    </ClCompile>
    <ClCompile Include="MapReader\TmxTerrainArray.cpp">
      <Filter>FrameWork\MapReader</Filter>
    </ClCompile>
    <ClCompile Include="MapReader\TmxTile.cpp">
      <Filter>FrameWork\MapReader</Filter>
    </ClCompile>
    <ClCompile Include="MapReader\TmxTileLayer.cpp">
      <Filter>FrameWork\MapReader</Filter>
    </ClCompile>
    <ClCompile Include="MapReader\TmxTileOffset.cpp">
      <Filter>FrameWork\MapReader</Filter>
    </ClCompile>
    <ClCompile Include="MapReader\TmxTileset.cpp">
      <Filter>FrameWork\MapReader</Filter>
    </ClCompile>
    <ClCompile Include="MapReader\TmxUtil.cpp">
      <Filter>FrameWork\MapReader</Filter>
    </ClCompile>
    <ClCompile Include="GameComponents\Camera.cpp">
      <Filter>FrameWork\GameComponents</Filter>
    </ClCompile>
    <ClCompile Include="GameComponents\GameCollision.cpp">
      <Filter>FrameWork\GameComponents</Filter>
    </ClCompile>
    <ClCompile Include="GameComponents\QuadTree.cpp">
      <Filter>FrameWork\GameComponents</Filter>
    </ClCompile>
    <ClCompile Include="GameObjects\MapObjects\Brick.cpp">
      <Filter>FrameWork\GameObjects\MapObjects</Filter>
    </ClCompile>
    <ClCompile Include="GameObjects\MapObjects\BrickGold.cpp">
      <Filter>FrameWork\GameObjects\MapObjects</Filter>
    </ClCompile>
    <ClCompile Include="GameObjects\MapObjects\BrickNormal.cpp">
      <Filter>FrameWork\GameObjects\MapObjects</Filter>
    </ClCompile>
    <ClCompile Include="GameObjects\MapObjects\GameObject.cpp">
      <Filter>FrameWork\GameObjects\MapObjects</Filter>
    </ClCompile>
    <ClCompile Include="GameObjects\Entity\Entity.cpp">
      <Filter>FrameWork\GameObjects\Enity</Filter>
    </ClCompile>
    <ClCompile Include="MapReader\tinyxml.cpp">
      <Filter>FrameWork\MapReader</Filter>
    </ClCompile>
    <ClCompile Include="MapReader\tinystr.cpp">
      <Filter>FrameWork\MapReader</Filter>
    </ClCompile>
    <ClCompile Include="MapReader\tinyxmlerror.cpp">
      <Filter>FrameWork\MapReader</Filter>
    </ClCompile>
    <ClCompile Include="MapReader\tinyxmlparser.cpp">
      <Filter>FrameWork\MapReader</Filter>
    </ClCompile>
    <ClCompile Include="GameObjects\Player\GameState\FallState\FallState.cpp">
      <Filter>FrameWork\GameObjects\Player\GameState\FallState</Filter>
    </ClCompile>
    <ClCompile Include="GameObjects\Player\GameState\JumpState\JumpState.cpp">
      <Filter>FrameWork\GameObjects\Player\GameState\JumpState</Filter>
    </ClCompile>
    <ClCompile Include="GameObjects\Player\GameState\RunState\RunState.cpp">
      <Filter>FrameWork\GameObjects\Player\GameState\RunState</Filter>
    </ClCompile>
    <ClCompile Include="GameObjects\Player\GameState\StandState\StandState.cpp">
      <Filter>FrameWork\GameObjects\Player\GameState\StandState</Filter>
    </ClCompile>
    <ClCompile Include="GameObjects\Player\GamePlayer.cpp">
      <Filter>FrameWork\GameObjects\Player</Filter>
    </ClCompile>
    <ClCompile Include="GameObjects\Player\GameState\GameState.cpp">
      <Filter>FrameWork\GameObjects\Player\GameState</Filter>
    </ClCompile>
    <ClCompile Include="GameComponents\Animation.cpp">
      <Filter>FrameWork\GameComponents</Filter>
    </ClCompile>
    <ClCompile Include="GameObjects\Player\GameState\SlideState\SlideHorizontalState\SlideHorizontalState.cpp">
      <Filter>FrameWork\GameObjects\Player\GameState\SlideState</Filter>
    </ClCompile>
    <ClCompile Include="main.cpp" />
    <ClCompile Include="GameObjects\Player\GameState\AppearState\AppearState.cpp">
      <Filter>FrameWork\GameObjects\Player\GameState\AppearState</Filter>
    </ClCompile>
    <ClCompile Include="GameObjects\Player\GameState\SlideState\SlideVerticalState\SlideVerticalState.cpp">
      <Filter>FrameWork\GameObjects\Player\GameState\SlideState</Filter>
    </ClCompile>
    <ClCompile Include="GameObjects\Player\GameState\JumpState\ClingState.cpp">
      <Filter>FrameWork\GameObjects\Player\GameState\JumpState</Filter>
    </ClCompile>
    <ClCompile Include="GameObjects\Player\GameState\BleedState\BleedState.cpp">
      <Filter>FrameWork\GameObjects\Player\GameState\BleedState</Filter>
    </ClCompile>
    <ClCompile Include="GameObjects\Player\GameState\DieState\DieState.cpp">
      <Filter>FrameWork\GameObjects\Player\GameState\DieState</Filter>
    </ClCompile>
    <ClCompile Include="GameObjects\Player\GameState\WinState\FinishState.cpp">
      <Filter>FrameWork\GameObjects\Player\GameState\FinishState</Filter>
    </ClCompile>
    <ClCompile Include="GameObjects\Player\GameState\JumpState\ClimbState.cpp">
      <Filter>FrameWork\GameObjects\Player\GameState\JumpState</Filter>
    </ClCompile>
    <ClCompile Include="Enemies.cpp">
      <Filter>FrameWork\GameObjects\Enemies</Filter>
    </ClCompile>
  </ItemGroup>
  <ItemGroup>
    <ClInclude Include="GameComponents\Game.h">
      <Filter>FrameWork\GameComponents</Filter>
    </ClInclude>
    <ClInclude Include="GameComponents\GameGlobal.h">
      <Filter>FrameWork\GameComponents</Filter>
    </ClInclude>
    <ClInclude Include="GameComponents\GameTime.h">
      <Filter>FrameWork\GameComponents</Filter>
    </ClInclude>
    <ClInclude Include="GameComponents\Sprite.h">
      <Filter>FrameWork\GameComponents</Filter>
    </ClInclude>
    <ClInclude Include="GameComponents\Scene.h">
      <Filter>FrameWork\GameComponents</Filter>
    </ClInclude>
    <ClInclude Include="GameControllers\SceneManager.h">
      <Filter>FrameWork\GameControllers</Filter>
    </ClInclude>
    <ClInclude Include="Scenes\DemoScene.h">
      <Filter>FrameWork\Scenes</Filter>
    </ClInclude>
    <ClInclude Include="GameComponents\GameMap.h">
      <Filter>FrameWork\GameComponents</Filter>
    </ClInclude>
    <ClInclude Include="MapReader\base64.h">
      <Filter>FrameWork\MapReader</Filter>
    </ClInclude>
    <ClInclude Include="MapReader\tinyxml2.h">
      <Filter>FrameWork\MapReader</Filter>
    </ClInclude>
    <ClInclude Include="MapReader\TmxEllipse.h">
      <Filter>FrameWork\MapReader</Filter>
    </ClInclude>
    <ClInclude Include="MapReader\TmxImage.h">
      <Filter>FrameWork\MapReader</Filter>
    </ClInclude>
    <ClInclude Include="MapReader\TmxImageLayer.h">
      <Filter>FrameWork\MapReader</Filter>
    </ClInclude>
    <ClInclude Include="MapReader\TmxLayer.h">
      <Filter>FrameWork\MapReader</Filter>
    </ClInclude>
    <ClInclude Include="MapReader\TmxMap.h">
      <Filter>FrameWork\MapReader</Filter>
    </ClInclude>
    <ClInclude Include="MapReader\TmxMapTile.h">
      <Filter>FrameWork\MapReader</Filter>
    </ClInclude>
    <ClInclude Include="MapReader\TmxObject.h">
      <Filter>FrameWork\MapReader</Filter>
    </ClInclude>
    <ClInclude Include="MapReader\TmxObjectGroup.h">
      <Filter>FrameWork\MapReader</Filter>
    </ClInclude>
    <ClInclude Include="MapReader\TmxPoint.h">
      <Filter>FrameWork\MapReader</Filter>
    </ClInclude>
    <ClInclude Include="MapReader\TmxPolygon.h">
      <Filter>FrameWork\MapReader</Filter>
    </ClInclude>
    <ClInclude Include="MapReader\TmxPolyline.h">
      <Filter>FrameWork\MapReader</Filter>
    </ClInclude>
    <ClInclude Include="MapReader\TmxPropertySet.h">
      <Filter>FrameWork\MapReader</Filter>
    </ClInclude>
    <ClInclude Include="MapReader\TmxTerrain.h">
      <Filter>FrameWork\MapReader</Filter>
    </ClInclude>
    <ClInclude Include="MapReader\TmxTerrainArray.h">
      <Filter>FrameWork\MapReader</Filter>
    </ClInclude>
    <ClInclude Include="MapReader\TmxTile.h">
      <Filter>FrameWork\MapReader</Filter>
    </ClInclude>
    <ClInclude Include="MapReader\TmxTileLayer.h">
      <Filter>FrameWork\MapReader</Filter>
    </ClInclude>
    <ClInclude Include="MapReader\TmxTileOffset.h">
      <Filter>FrameWork\MapReader</Filter>
    </ClInclude>
    <ClInclude Include="MapReader\TmxTileset.h">
      <Filter>FrameWork\MapReader</Filter>
    </ClInclude>
    <ClInclude Include="MapReader\TmxUtil.h">
      <Filter>FrameWork\MapReader</Filter>
    </ClInclude>
    <ClInclude Include="MapReader\zconf.h">
      <Filter>FrameWork\MapReader</Filter>
    </ClInclude>
    <ClInclude Include="MapReader\zlib.h">
      <Filter>FrameWork\MapReader</Filter>
    </ClInclude>
    <ClInclude Include="GameComponents\Camera.h">
      <Filter>FrameWork\GameComponents</Filter>
    </ClInclude>
    <ClInclude Include="GameDefines\GameDefine.h">
      <Filter>FrameWork\GameDefines</Filter>
    </ClInclude>
    <ClInclude Include="GameComponents\GameCollision.h">
      <Filter>FrameWork\GameComponents</Filter>
    </ClInclude>
    <ClInclude Include="GameComponents\QuadTree.h">
      <Filter>FrameWork\GameComponents</Filter>
    </ClInclude>
    <ClInclude Include="GameObjects\MapObjects\Brick.h">
      <Filter>FrameWork\GameObjects\MapObjects</Filter>
    </ClInclude>
    <ClInclude Include="GameObjects\MapObjects\BrickGold.h">
      <Filter>FrameWork\GameObjects\MapObjects</Filter>
    </ClInclude>
    <ClInclude Include="GameObjects\MapObjects\BrickNormal.h">
      <Filter>FrameWork\GameObjects\MapObjects</Filter>
    </ClInclude>
    <ClInclude Include="GameObjects\MapObjects\GameObject.h">
      <Filter>FrameWork\GameObjects\MapObjects</Filter>
    </ClInclude>
    <ClInclude Include="GameObjects\Entity\Entity.h">
      <Filter>FrameWork\GameObjects\Enity</Filter>
    </ClInclude>
    <ClInclude Include="MapReader\tinyxml.h">
      <Filter>FrameWork\MapReader</Filter>
    </ClInclude>
    <ClInclude Include="MapReader\tinystr.h">
      <Filter>FrameWork\MapReader</Filter>
    </ClInclude>
    <ClInclude Include="GameObjects\Player\GameState\FallState\FallState.h">
      <Filter>FrameWork\GameObjects\Player\GameState\FallState</Filter>
    </ClInclude>
    <ClInclude Include="GameObjects\Player\GameState\JumpState\JumpState.h">
      <Filter>FrameWork\GameObjects\Player\GameState\JumpState</Filter>
    </ClInclude>
    <ClInclude Include="GameObjects\Player\GameState\RunState\RunState.h">
      <Filter>FrameWork\GameObjects\Player\GameState\RunState</Filter>
    </ClInclude>
    <ClInclude Include="GameObjects\Player\GameState\StandState\StandState.h">
      <Filter>FrameWork\GameObjects\Player\GameState\StandState</Filter>
    </ClInclude>
    <ClInclude Include="GameObjects\Player\GamePlayer.h">
      <Filter>FrameWork\GameObjects\Player</Filter>
    </ClInclude>
    <ClInclude Include="GameObjects\Player\GameState\GameState.h">
      <Filter>FrameWork\GameObjects\Player\GameState</Filter>
    </ClInclude>
    <ClInclude Include="GameComponents\Animation.h">
      <Filter>FrameWork\GameComponents</Filter>
    </ClInclude>
    <ClInclude Include="GameObjects\Player\GameState\SlideState\SlideHorizontalState\SlideHorizontalState.h">
      <Filter>FrameWork\GameObjects\Player\GameState\SlideState</Filter>
    </ClInclude>
    <ClInclude Include="GameObjects\Player\GameState\AppearState\AppearState.h">
      <Filter>FrameWork\GameObjects\Player\GameState\AppearState</Filter>
    </ClInclude>
    <ClInclude Include="GameObjects\Player\GameState\SlideState\SlideVerticalState\SlideVerticalState.h">
      <Filter>FrameWork\GameObjects\Player\GameState\SlideState</Filter>
    </ClInclude>
    <ClInclude Include="GameObjects\Player\GameState\JumpState\ClingState.h">
      <Filter>FrameWork\GameObjects\Player\GameState\JumpState</Filter>
    </ClInclude>
    <ClInclude Include="GameObjects\Player\GameState\BleedState\BleedState.hpp">
      <Filter>FrameWork\GameObjects\Player\GameState\BleedState</Filter>
    </ClInclude>
    <ClInclude Include="GameObjects\Player\GameState\DieState\DieState.h">
      <Filter>FrameWork\GameObjects\Player\GameState\DieState</Filter>
    </ClInclude>
    <ClInclude Include="GameObjects\Player\GameState\WinState\FinishState.h">
      <Filter>FrameWork\GameObjects\Player\GameState\FinishState</Filter>
    </ClInclude>
    <ClInclude Include="GameObjects\Player\GameState\JumpState\ClimbState.h">
      <Filter>FrameWork\GameObjects\Player\GameState\JumpState</Filter>
    </ClInclude>
    <ClInclude Include="Enemies.h">
      <Filter>FrameWork\GameObjects\Enemies</Filter>
    </ClInclude>
  </ItemGroup>
  <ItemGroup>
    <None Include="MapReader\Tmx.h.in">
      <Filter>FrameWork\MapReader</Filter>
    </None>
  </ItemGroup>
</Project>